// !$*UTF8*$!
{
	archiveVersion = 1;
	classes = {
	};
	objectVersion = 77;
	objects = {

/* Begin PBXBuildFile section */
		7F1D56BB2E0A2685001069D0 /* IssueReporting in Frameworks */ = {isa = PBXBuildFile; productRef = 7F1D56BA2E0A2685001069D0 /* IssueReporting */; };
		7F1D56BD2E0A2685001069D0 /* XCTestDynamicOverlay in Frameworks */ = {isa = PBXBuildFile; productRef = 7F1D56BC2E0A2685001069D0 /* XCTestDynamicOverlay */; };
		7F6389252DFF15D400DC8DCF /* VideoJournalIconV3.icon in Resources */ = {isa = PBXBuildFile; fileRef = 7F6389242DFF15D400DC8DCF /* VideoJournalIconV3.icon */; };
		7F6389272E074B3900DC8DCF /* StitchedVideoEntry.swift in Sources */ = {isa = PBXBuildFile; fileRef = 7F6389262E074B3300DC8DCF /* StitchedVideoEntry.swift */; };
		7F6389292E074B4C00DC8DCF /* DailyVideoEntry.swift in Sources */ = {isa = PBXBuildFile; fileRef = 7F6389282E074B4500DC8DCF /* DailyVideoEntry.swift */; };
		7F6389322E08B87500DC8DCF /* Logger.swift in Sources */ = {isa = PBXBuildFile; fileRef = 7F6389312E08B87300DC8DCF /* Logger.swift */; };
		7F6389352E08C9E900DC8DCF /* AVManager.swift in Sources */ = {isa = PBXBuildFile; fileRef = 7F6389342E08C9E200DC8DCF /* AVManager.swift */; };
		7F6389372E08CAC200DC8DCF /* VideoFileManager.swift in Sources */ = {isa = PBXBuildFile; fileRef = 7F6389362E08CABE00DC8DCF /* VideoFileManager.swift */; };
		7F85E5F92E359B8E00E20634 /* WidgetKit.framework in Frameworks */ = {isa = PBXBuildFile; fileRef = 7F85E5F82E359B8E00E20634 /* WidgetKit.framework */; };
		7F85E5FB2E359B8E00E20634 /* SwiftUI.framework in Frameworks */ = {isa = PBXBuildFile; fileRef = 7F85E5FA2E359B8E00E20634 /* SwiftUI.framework */; };
		7F85E60A2E359B9000E20634 /* SecJournalWidgetExtensionExtension.appex in Embed Foundation Extensions */ = {isa = PBXBuildFile; fileRef = 7F85E5F72E359B8E00E20634 /* SecJournalWidgetExtensionExtension.appex */; settings = {ATTRIBUTES = (RemoveHeadersOnCopy, ); }; };
		7F85E6172E39AC9F00E20634 /* VideoRecorderViewModel.swift in Sources */ = {isa = PBXBuildFile; fileRef = 7F85E6162E39AC9A00E20634 /* VideoRecorderViewModel.swift */; };
		7F85E6192E3AF1EE00E20634 /* VideoCreationRootView.swift in Sources */ = {isa = PBXBuildFile; fileRef = 7F85E6182E3AF1E300E20634 /* VideoCreationRootView.swift */; };
		7F85E61B2E3AF24000E20634 /* VideoCreationRootViewModel.swift in Sources */ = {isa = PBXBuildFile; fileRef = 7F85E61A2E3AF23900E20634 /* VideoCreationRootViewModel.swift */; };
		7F85E61D2E3AF56200E20634 /* VideoPlayerWithOverlayView.swift in Sources */ = {isa = PBXBuildFile; fileRef = 7F85E61C2E3AF55900E20634 /* VideoPlayerWithOverlayView.swift */; };
		7F85E61F2E3B0F3000E20634 /* CameraPreloader.swift in Sources */ = {isa = PBXBuildFile; fileRef = 7F85E61E2E3B0F2700E20634 /* CameraPreloader.swift */; };
		7F85E6212E3EC7A100E20634 /* NavigationRouter.swift in Sources */ = {isa = PBXBuildFile; fileRef = 7F85E6202E3EC79E00E20634 /* NavigationRouter.swift */; };
		7FAEDB132DF535FB00011D8C /* Preview Assets.xcassets in Resources */ = {isa = PBXBuildFile; fileRef = 7FAEDAF22DF535FB00011D8C /* Preview Assets.xcassets */; };
		7FAEDB142DF535FB00011D8C /* Assets.xcassets in Resources */ = {isa = PBXBuildFile; fileRef = 7FAEDB102DF535FB00011D8C /* Assets.xcassets */; };
		7FAEDB152DF535FB00011D8C /* VideoEntry.swift in Sources */ = {isa = PBXBuildFile; fileRef = 7FAEDAF02DF535FB00011D8C /* VideoEntry.swift */; };
		7FAEDB162DF535FB00011D8C /* TimeFormatter.swift in Sources */ = {isa = PBXBuildFile; fileRef = 7FAEDAF42DF535FB00011D8C /* TimeFormatter.swift */; };
		7FAEDB172DF535FB00011D8C /* HomeListView.swift in Sources */ = {isa = PBXBuildFile; fileRef = 7FAEDAF62DF535FB00011D8C /* HomeListView.swift */; };
		7FAEDB182DF535FB00011D8C /* HomeListViewModel.swift in Sources */ = {isa = PBXBuildFile; fileRef = 7FAEDAF72DF535FB00011D8C /* HomeListViewModel.swift */; };
		7FAEDB192DF535FB00011D8C /* VideoPlayerWrapperView.swift in Sources */ = {isa = PBXBuildFile; fileRef = 7FAEDAF82DF535FB00011D8C /* VideoPlayerWrapperView.swift */; };
		7FAEDB1A2DF535FB00011D8C /* CameraRecorderOverlayView.swift in Sources */ = {isa = PBXBuildFile; fileRef = 7FAEDAFA2DF535FB00011D8C /* CameraRecorderOverlayView.swift */; };
		7FAEDB1B2DF535FB00011D8C /* CameraRecorderViewController.swift in Sources */ = {isa = PBXBuildFile; fileRef = 7FAEDAFB2DF535FB00011D8C /* CameraRecorderViewController.swift */; };
		7FAEDB1C2DF535FB00011D8C /* RecordVideoButtonView.swift in Sources */ = {isa = PBXBuildFile; fileRef = 7FAEDAFC2DF535FB00011D8C /* RecordVideoButtonView.swift */; };
		7FAEDB1D2DF535FB00011D8C /* CreateStitchView.swift in Sources */ = {isa = PBXBuildFile; fileRef = 7FAEDAFE2DF535FB00011D8C /* CreateStitchView.swift */; };
		7FAEDB1E2DF535FB00011D8C /* CreateStitchViewModel.swift in Sources */ = {isa = PBXBuildFile; fileRef = 7FAEDAFF2DF535FB00011D8C /* CreateStitchViewModel.swift */; };
		7FAEDB1F2DF535FB00011D8C /* NewVideoPromptView.swift in Sources */ = {isa = PBXBuildFile; fileRef = 7FAEDB012DF535FB00011D8C /* NewVideoPromptView.swift */; };
		7FAEDB202DF535FB00011D8C /* NewVideoPromptViewModel.swift in Sources */ = {isa = PBXBuildFile; fileRef = 7FAEDB022DF535FB00011D8C /* NewVideoPromptViewModel.swift */; };
		7FAEDB212DF535FB00011D8C /* VideoPickerView.swift in Sources */ = {isa = PBXBuildFile; fileRef = 7FAEDB032DF535FB00011D8C /* VideoPickerView.swift */; };
		7FAEDB222DF535FB00011D8C /* VideoRecorderView.swift in Sources */ = {isa = PBXBuildFile; fileRef = 7FAEDB042DF535FB00011D8C /* VideoRecorderView.swift */; };
		7FAEDB232DF535FB00011D8C /* DiscardButtonView.swift in Sources */ = {isa = PBXBuildFile; fileRef = 7FAEDB062DF535FB00011D8C /* DiscardButtonView.swift */; };
		7FAEDB242DF535FB00011D8C /* PillButtonView.swift in Sources */ = {isa = PBXBuildFile; fileRef = 7FAEDB072DF535FB00011D8C /* PillButtonView.swift */; };
		7FAEDB252DF535FB00011D8C /* SaveButtonView.swift in Sources */ = {isa = PBXBuildFile; fileRef = 7FAEDB082DF535FB00011D8C /* SaveButtonView.swift */; };
		7FAEDB262DF535FB00011D8C /* TapToRecordView.swift in Sources */ = {isa = PBXBuildFile; fileRef = 7FAEDB092DF535FB00011D8C /* TapToRecordView.swift */; };
		7FAEDB272DF535FB00011D8C /* ShareSheet.swift in Sources */ = {isa = PBXBuildFile; fileRef = 7FAEDB0B2DF535FB00011D8C /* ShareSheet.swift */; };
		7FAEDB282DF535FB00011D8C /* _SecJournalApp.swift in Sources */ = {isa = PBXBuildFile; fileRef = 7FAEDB0E2DF535FB00011D8C /* _SecJournalApp.swift */; };
		7FAEDB292DF535FB00011D8C /* ContentView.swift in Sources */ = {isa = PBXBuildFile; fileRef = 7FAEDB112DF535FB00011D8C /* ContentView.swift */; };
		7FB8FB072E358E3B00B02E97 /* 1SecJournalAppIntents.appex in Embed ExtensionKit Extensions */ = {isa = PBXBuildFile; fileRef = 7FB8FAFE2E358E3B00B02E97 /* 1SecJournalAppIntents.appex */; settings = {ATTRIBUTES = (RemoveHeadersOnCopy, ); }; };
/* End PBXBuildFile section */

/* Begin PBXContainerItemProxy section */
		7F85E6082E359B9000E20634 /* PBXContainerItemProxy */ = {
			isa = PBXContainerItemProxy;
			containerPortal = 7FB6684C2D879FF800BD72D9 /* Project object */;
			proxyType = 1;
			remoteGlobalIDString = 7F85E5F62E359B8E00E20634;
			remoteInfo = SecJournalWidgetExtensionExtension;
		};
		7FB8FB052E358E3B00B02E97 /* PBXContainerItemProxy */ = {
			isa = PBXContainerItemProxy;
			containerPortal = 7FB6684C2D879FF800BD72D9 /* Project object */;
			proxyType = 1;
			remoteGlobalIDString = 7FB8FAFD2E358E3B00B02E97;
			remoteInfo = 1SecJournalAppIntents;
		};
/* End PBXContainerItemProxy section */

/* Begin PBXCopyFilesBuildPhase section */
		7F85E60B2E359B9000E20634 /* Embed Foundation Extensions */ = {
			isa = PBXCopyFilesBuildPhase;
			buildActionMask = 2147483647;
			dstPath = "";
			dstSubfolderSpec = 13;
			files = (
				7F85E60A2E359B9000E20634 /* SecJournalWidgetExtensionExtension.appex in Embed Foundation Extensions */,
			);
			name = "Embed Foundation Extensions";
			runOnlyForDeploymentPostprocessing = 0;
		};
		7FB8FB082E358E3B00B02E97 /* Embed ExtensionKit Extensions */ = {
			isa = PBXCopyFilesBuildPhase;
			buildActionMask = 2147483647;
			dstPath = "$(EXTENSIONS_FOLDER_PATH)";
			dstSubfolderSpec = 16;
			files = (
				7FB8FB072E358E3B00B02E97 /* 1SecJournalAppIntents.appex in Embed ExtensionKit Extensions */,
			);
			name = "Embed ExtensionKit Extensions";
			runOnlyForDeploymentPostprocessing = 0;
		};
/* End PBXCopyFilesBuildPhase section */

/* Begin PBXFileReference section */
		7F6389242DFF15D400DC8DCF /* VideoJournalIconV3.icon */ = {isa = PBXFileReference; lastKnownFileType = folder.iconcomposer.icon; path = VideoJournalIconV3.icon; sourceTree = "<group>"; };
		7F6389262E074B3300DC8DCF /* StitchedVideoEntry.swift */ = {isa = PBXFileReference; lastKnownFileType = sourcecode.swift; path = StitchedVideoEntry.swift; sourceTree = "<group>"; };
		7F6389282E074B4500DC8DCF /* DailyVideoEntry.swift */ = {isa = PBXFileReference; lastKnownFileType = sourcecode.swift; path = DailyVideoEntry.swift; sourceTree = "<group>"; };
		7F6389312E08B87300DC8DCF /* Logger.swift */ = {isa = PBXFileReference; lastKnownFileType = sourcecode.swift; path = Logger.swift; sourceTree = "<group>"; };
		7F6389342E08C9E200DC8DCF /* AVManager.swift */ = {isa = PBXFileReference; lastKnownFileType = sourcecode.swift; path = AVManager.swift; sourceTree = "<group>"; };
		7F6389362E08CABE00DC8DCF /* VideoFileManager.swift */ = {isa = PBXFileReference; lastKnownFileType = sourcecode.swift; path = VideoFileManager.swift; sourceTree = "<group>"; };
		7F85E5F72E359B8E00E20634 /* SecJournalWidgetExtensionExtension.appex */ = {isa = PBXFileReference; explicitFileType = "wrapper.app-extension"; includeInIndex = 0; path = SecJournalWidgetExtensionExtension.appex; sourceTree = BUILT_PRODUCTS_DIR; };
		7F85E5F82E359B8E00E20634 /* WidgetKit.framework */ = {isa = PBXFileReference; lastKnownFileType = wrapper.framework; name = WidgetKit.framework; path = System/Library/Frameworks/WidgetKit.framework; sourceTree = SDKROOT; };
		7F85E5FA2E359B8E00E20634 /* SwiftUI.framework */ = {isa = PBXFileReference; lastKnownFileType = wrapper.framework; name = SwiftUI.framework; path = System/Library/Frameworks/SwiftUI.framework; sourceTree = SDKROOT; };
		7F85E6162E39AC9A00E20634 /* VideoRecorderViewModel.swift */ = {isa = PBXFileReference; lastKnownFileType = sourcecode.swift; path = VideoRecorderViewModel.swift; sourceTree = "<group>"; };
		7F85E6182E3AF1E300E20634 /* VideoCreationRootView.swift */ = {isa = PBXFileReference; lastKnownFileType = sourcecode.swift; path = VideoCreationRootView.swift; sourceTree = "<group>"; };
		7F85E61A2E3AF23900E20634 /* VideoCreationRootViewModel.swift */ = {isa = PBXFileReference; lastKnownFileType = sourcecode.swift; path = VideoCreationRootViewModel.swift; sourceTree = "<group>"; };
		7F85E61C2E3AF55900E20634 /* VideoPlayerWithOverlayView.swift */ = {isa = PBXFileReference; lastKnownFileType = sourcecode.swift; path = VideoPlayerWithOverlayView.swift; sourceTree = "<group>"; };
		7F85E61E2E3B0F2700E20634 /* CameraPreloader.swift */ = {isa = PBXFileReference; lastKnownFileType = sourcecode.swift; path = CameraPreloader.swift; sourceTree = "<group>"; };
		7F85E6202E3EC79E00E20634 /* NavigationRouter.swift */ = {isa = PBXFileReference; lastKnownFileType = sourcecode.swift; path = NavigationRouter.swift; sourceTree = "<group>"; };
		7FAEDAF02DF535FB00011D8C /* VideoEntry.swift */ = {isa = PBXFileReference; lastKnownFileType = sourcecode.swift; path = VideoEntry.swift; sourceTree = "<group>"; };
		7FAEDAF22DF535FB00011D8C /* Preview Assets.xcassets */ = {isa = PBXFileReference; lastKnownFileType = folder.assetcatalog; path = "Preview Assets.xcassets"; sourceTree = "<group>"; };
		7FAEDAF42DF535FB00011D8C /* TimeFormatter.swift */ = {isa = PBXFileReference; lastKnownFileType = sourcecode.swift; path = TimeFormatter.swift; sourceTree = "<group>"; };
		7FAEDAF62DF535FB00011D8C /* HomeListView.swift */ = {isa = PBXFileReference; lastKnownFileType = sourcecode.swift; path = HomeListView.swift; sourceTree = "<group>"; };
		7FAEDAF72DF535FB00011D8C /* HomeListViewModel.swift */ = {isa = PBXFileReference; lastKnownFileType = sourcecode.swift; path = HomeListViewModel.swift; sourceTree = "<group>"; };
		7FAEDAF82DF535FB00011D8C /* VideoPlayerWrapperView.swift */ = {isa = PBXFileReference; lastKnownFileType = sourcecode.swift; path = VideoPlayerWrapperView.swift; sourceTree = "<group>"; };
		7FAEDAFA2DF535FB00011D8C /* CameraRecorderOverlayView.swift */ = {isa = PBXFileReference; lastKnownFileType = sourcecode.swift; path = CameraRecorderOverlayView.swift; sourceTree = "<group>"; };
		7FAEDAFB2DF535FB00011D8C /* CameraRecorderViewController.swift */ = {isa = PBXFileReference; lastKnownFileType = sourcecode.swift; path = CameraRecorderViewController.swift; sourceTree = "<group>"; };
		7FAEDAFC2DF535FB00011D8C /* RecordVideoButtonView.swift */ = {isa = PBXFileReference; lastKnownFileType = sourcecode.swift; path = RecordVideoButtonView.swift; sourceTree = "<group>"; };
		7FAEDAFE2DF535FB00011D8C /* CreateStitchView.swift */ = {isa = PBXFileReference; lastKnownFileType = sourcecode.swift; path = CreateStitchView.swift; sourceTree = "<group>"; };
		7FAEDAFF2DF535FB00011D8C /* CreateStitchViewModel.swift */ = {isa = PBXFileReference; lastKnownFileType = sourcecode.swift; path = CreateStitchViewModel.swift; sourceTree = "<group>"; };
		7FAEDB012DF535FB00011D8C /* NewVideoPromptView.swift */ = {isa = PBXFileReference; lastKnownFileType = sourcecode.swift; path = NewVideoPromptView.swift; sourceTree = "<group>"; };
		7FAEDB022DF535FB00011D8C /* NewVideoPromptViewModel.swift */ = {isa = PBXFileReference; lastKnownFileType = sourcecode.swift; path = NewVideoPromptViewModel.swift; sourceTree = "<group>"; };
		7FAEDB032DF535FB00011D8C /* VideoPickerView.swift */ = {isa = PBXFileReference; lastKnownFileType = sourcecode.swift; path = VideoPickerView.swift; sourceTree = "<group>"; };
		7FAEDB042DF535FB00011D8C /* VideoRecorderView.swift */ = {isa = PBXFileReference; lastKnownFileType = sourcecode.swift; path = VideoRecorderView.swift; sourceTree = "<group>"; };
		7FAEDB062DF535FB00011D8C /* DiscardButtonView.swift */ = {isa = PBXFileReference; lastKnownFileType = sourcecode.swift; path = DiscardButtonView.swift; sourceTree = "<group>"; };
		7FAEDB072DF535FB00011D8C /* PillButtonView.swift */ = {isa = PBXFileReference; lastKnownFileType = sourcecode.swift; path = PillButtonView.swift; sourceTree = "<group>"; };
		7FAEDB082DF535FB00011D8C /* SaveButtonView.swift */ = {isa = PBXFileReference; lastKnownFileType = sourcecode.swift; path = SaveButtonView.swift; sourceTree = "<group>"; };
		7FAEDB092DF535FB00011D8C /* TapToRecordView.swift */ = {isa = PBXFileReference; lastKnownFileType = sourcecode.swift; path = TapToRecordView.swift; sourceTree = "<group>"; };
		7FAEDB0B2DF535FB00011D8C /* ShareSheet.swift */ = {isa = PBXFileReference; lastKnownFileType = sourcecode.swift; path = ShareSheet.swift; sourceTree = "<group>"; };
		7FAEDB0E2DF535FB00011D8C /* _SecJournalApp.swift */ = {isa = PBXFileReference; lastKnownFileType = sourcecode.swift; path = _SecJournalApp.swift; sourceTree = "<group>"; };
		7FAEDB0F2DF535FB00011D8C /* 1SecJournal.entitlements */ = {isa = PBXFileReference; lastKnownFileType = text.plist.entitlements; path = 1SecJournal.entitlements; sourceTree = "<group>"; };
		7FAEDB102DF535FB00011D8C /* Assets.xcassets */ = {isa = PBXFileReference; lastKnownFileType = folder.assetcatalog; path = Assets.xcassets; sourceTree = "<group>"; };
		7FAEDB112DF535FB00011D8C /* ContentView.swift */ = {isa = PBXFileReference; lastKnownFileType = sourcecode.swift; path = ContentView.swift; sourceTree = "<group>"; };
		7FB668542D879FF800BD72D9 /* 1SecJournal.app */ = {isa = PBXFileReference; explicitFileType = wrapper.application; includeInIndex = 0; path = 1SecJournal.app; sourceTree = BUILT_PRODUCTS_DIR; };
		7FB8FAFE2E358E3B00B02E97 /* 1SecJournalAppIntents.appex */ = {isa = PBXFileReference; explicitFileType = "wrapper.extensionkit-extension"; includeInIndex = 0; path = 1SecJournalAppIntents.appex; sourceTree = BUILT_PRODUCTS_DIR; };
/* End PBXFileReference section */

/* Begin PBXFileSystemSynchronizedBuildFileExceptionSet section */
		7F85E60E2E359B9000E20634 /* Exceptions for "SecJournalWidgetExtension" folder in "SecJournalWidgetExtensionExtension" target */ = {
			isa = PBXFileSystemSynchronizedBuildFileExceptionSet;
			membershipExceptions = (
				Info.plist,
			);
			target = 7F85E5F62E359B8E00E20634 /* SecJournalWidgetExtensionExtension */;
		};
		7F85E6122E359BFB00E20634 /* Exceptions for "1SecJournalAppIntents" folder in "1SecJournal" target */ = {
			isa = PBXFileSystemSynchronizedBuildFileExceptionSet;
			membershipExceptions = (
				_SecJournalAppIntents.swift,
			);
			target = 7FB668532D879FF800BD72D9 /* 1SecJournal */;
		};
		7F85E6132E359BFB00E20634 /* Exceptions for "1SecJournalAppIntents" folder in "SecJournalWidgetExtensionExtension" target */ = {
			isa = PBXFileSystemSynchronizedBuildFileExceptionSet;
			membershipExceptions = (
				_SecJournalAppIntents.swift,
			);
			target = 7F85E5F62E359B8E00E20634 /* SecJournalWidgetExtensionExtension */;
		};
		7FB8FB0B2E358E3B00B02E97 /* Exceptions for "1SecJournalAppIntents" folder in "1SecJournalAppIntents" target */ = {
			isa = PBXFileSystemSynchronizedBuildFileExceptionSet;
			membershipExceptions = (
				Info.plist,
			);
			target = 7FB8FAFD2E358E3B00B02E97 /* 1SecJournalAppIntents */;
		};
/* End PBXFileSystemSynchronizedBuildFileExceptionSet section */

/* Begin PBXFileSystemSynchronizedRootGroup section */
		7F85E5FC2E359B8E00E20634 /* SecJournalWidgetExtension */ = {
			isa = PBXFileSystemSynchronizedRootGroup;
			exceptions = (
				7F85E60E2E359B9000E20634 /* Exceptions for "SecJournalWidgetExtension" folder in "SecJournalWidgetExtensionExtension" target */,
			);
			path = SecJournalWidgetExtension;
			sourceTree = "<group>";
		};
		7FB8FAFF2E358E3B00B02E97 /* 1SecJournalAppIntents */ = {
			isa = PBXFileSystemSynchronizedRootGroup;
			exceptions = (
				7F85E6122E359BFB00E20634 /* Exceptions for "1SecJournalAppIntents" folder in "1SecJournal" target */,
				7FB8FB0B2E358E3B00B02E97 /* Exceptions for "1SecJournalAppIntents" folder in "1SecJournalAppIntents" target */,
				7F85E6132E359BFB00E20634 /* Exceptions for "1SecJournalAppIntents" folder in "SecJournalWidgetExtensionExtension" target */,
			);
			path = 1SecJournalAppIntents;
			sourceTree = "<group>";
		};
/* End PBXFileSystemSynchronizedRootGroup section */

/* Begin PBXFrameworksBuildPhase section */
		7F85E5F42E359B8E00E20634 /* Frameworks */ = {
			isa = PBXFrameworksBuildPhase;
			buildActionMask = 2147483647;
			files = (
				7F85E5FB2E359B8E00E20634 /* SwiftUI.framework in Frameworks */,
				7F85E5F92E359B8E00E20634 /* WidgetKit.framework in Frameworks */,
			);
			runOnlyForDeploymentPostprocessing = 0;
		};
		7FB668512D879FF800BD72D9 /* Frameworks */ = {
			isa = PBXFrameworksBuildPhase;
			buildActionMask = 2147483647;
			files = (
				7F1D56BD2E0A2685001069D0 /* XCTestDynamicOverlay in Frameworks */,
				7F1D56BB2E0A2685001069D0 /* IssueReporting in Frameworks */,
			);
			runOnlyForDeploymentPostprocessing = 0;
		};
		7FB8FAFB2E358E3B00B02E97 /* Frameworks */ = {
			isa = PBXFrameworksBuildPhase;
			buildActionMask = 2147483647;
			files = (
			);
			runOnlyForDeploymentPostprocessing = 0;
		};
/* End PBXFrameworksBuildPhase section */

/* Begin PBXGroup section */
		7F1D56B72E0A2650001069D0 /* Frameworks */ = {
			isa = PBXGroup;
			children = (
				7F85E5F82E359B8E00E20634 /* WidgetKit.framework */,
				7F85E5FA2E359B8E00E20634 /* SwiftUI.framework */,
			);
			name = Frameworks;
			sourceTree = "<group>";
		};
		7F85E6152E39A20F00E20634 /* VideoRecorderView */ = {
			isa = PBXGroup;
			children = (
				7F85E6162E39AC9A00E20634 /* VideoRecorderViewModel.swift */,
				7FAEDB042DF535FB00011D8C /* VideoRecorderView.swift */,
			);
			path = VideoRecorderView;
			sourceTree = "<group>";
		};
		7FAEDAF12DF535FB00011D8C /* Model */ = {
			isa = PBXGroup;
			children = (
				7FAEDAF02DF535FB00011D8C /* VideoEntry.swift */,
				7F6389282E074B4500DC8DCF /* DailyVideoEntry.swift */,
				7F6389262E074B3300DC8DCF /* StitchedVideoEntry.swift */,
			);
			path = Model;
			sourceTree = "<group>";
		};
		7FAEDAF32DF535FB00011D8C /* Preview Content */ = {
			isa = PBXGroup;
			children = (
				7FAEDAF22DF535FB00011D8C /* Preview Assets.xcassets */,
			);
			path = "Preview Content";
			sourceTree = "<group>";
		};
		7FAEDAF52DF535FB00011D8C /* Utilities */ = {
			isa = PBXGroup;
			children = (
				7F85E6202E3EC79E00E20634 /* NavigationRouter.swift */,
				7F6389362E08CABE00DC8DCF /* VideoFileManager.swift */,
				7F6389342E08C9E200DC8DCF /* AVManager.swift */,
				7F6389312E08B87300DC8DCF /* Logger.swift */,
				7FAEDAF42DF535FB00011D8C /* TimeFormatter.swift */,
			);
			path = Utilities;
			sourceTree = "<group>";
		};
		7FAEDAF92DF535FB00011D8C /* HomeListView */ = {
			isa = PBXGroup;
			children = (
				7FAEDAF72DF535FB00011D8C /* HomeListViewModel.swift */,
				7FAEDAF62DF535FB00011D8C /* HomeListView.swift */,
				7FAEDAF82DF535FB00011D8C /* VideoPlayerWrapperView.swift */,
			);
			path = HomeListView;
			sourceTree = "<group>";
		};
		7FAEDAFD2DF535FB00011D8C /* CameraRecorderView */ = {
			isa = PBXGroup;
			children = (
				7F85E61E2E3B0F2700E20634 /* CameraPreloader.swift */,
				7FAEDAFB2DF535FB00011D8C /* CameraRecorderViewController.swift */,
				7FAEDAFA2DF535FB00011D8C /* CameraRecorderOverlayView.swift */,
				7FAEDAFC2DF535FB00011D8C /* RecordVideoButtonView.swift */,
			);
			path = CameraRecorderView;
			sourceTree = "<group>";
		};
		7FAEDB002DF535FB00011D8C /* CreateStitchView */ = {
			isa = PBXGroup;
			children = (
				7FAEDAFF2DF535FB00011D8C /* CreateStitchViewModel.swift */,
				7FAEDAFE2DF535FB00011D8C /* CreateStitchView.swift */,
			);
			path = CreateStitchView;
			sourceTree = "<group>";
		};
		7FAEDB052DF535FB00011D8C /* NewVideoPrompt */ = {
			isa = PBXGroup;
			children = (
				7F85E61A2E3AF23900E20634 /* VideoCreationRootViewModel.swift */,
				7F85E6182E3AF1E300E20634 /* VideoCreationRootView.swift */,
				7F85E6152E39A20F00E20634 /* VideoRecorderView */,
				7FAEDB2C2DF64B7F00011D8C /* NewVideoPromptView */,
				7FAEDAFD2DF535FB00011D8C /* CameraRecorderView */,
				7FAEDB002DF535FB00011D8C /* CreateStitchView */,
			);
			path = NewVideoPrompt;
			sourceTree = "<group>";
		};
		7FAEDB0A2DF535FB00011D8C /* SharedViews */ = {
			isa = PBXGroup;
			children = (
				7F85E61C2E3AF55900E20634 /* VideoPlayerWithOverlayView.swift */,
				7FAEDB062DF535FB00011D8C /* DiscardButtonView.swift */,
				7FAEDB072DF535FB00011D8C /* PillButtonView.swift */,
				7FAEDB082DF535FB00011D8C /* SaveButtonView.swift */,
				7FAEDB092DF535FB00011D8C /* TapToRecordView.swift */,
			);
			path = SharedViews;
			sourceTree = "<group>";
		};
		7FAEDB0C2DF535FB00011D8C /* ShareSheet */ = {
			isa = PBXGroup;
			children = (
				7FAEDB0B2DF535FB00011D8C /* ShareSheet.swift */,
			);
			path = ShareSheet;
			sourceTree = "<group>";
		};
		7FAEDB0D2DF535FB00011D8C /* View */ = {
			isa = PBXGroup;
			children = (
				7FAEDAF92DF535FB00011D8C /* HomeListView */,
				7FAEDB052DF535FB00011D8C /* NewVideoPrompt */,
				7FAEDB0A2DF535FB00011D8C /* SharedViews */,
				7FAEDB0C2DF535FB00011D8C /* ShareSheet */,
			);
			path = View;
			sourceTree = "<group>";
		};
		7FAEDB122DF535FB00011D8C /* 1SecJournal */ = {
			isa = PBXGroup;
			children = (
				7FAEDAF12DF535FB00011D8C /* Model */,
				7FAEDAF32DF535FB00011D8C /* Preview Content */,
				7FAEDAF52DF535FB00011D8C /* Utilities */,
				7FAEDB0D2DF535FB00011D8C /* View */,
				7FAEDB0E2DF535FB00011D8C /* _SecJournalApp.swift */,
				7FAEDB0F2DF535FB00011D8C /* 1SecJournal.entitlements */,
				7FAEDB102DF535FB00011D8C /* Assets.xcassets */,
				7FAEDB112DF535FB00011D8C /* ContentView.swift */,
				7F6389242DFF15D400DC8DCF /* VideoJournalIconV3.icon */,
			);
			path = 1SecJournal;
			sourceTree = "<group>";
		};
		7FAEDB2C2DF64B7F00011D8C /* NewVideoPromptView */ = {
			isa = PBXGroup;
			children = (
				7FAEDB022DF535FB00011D8C /* NewVideoPromptViewModel.swift */,
				7FAEDB012DF535FB00011D8C /* NewVideoPromptView.swift */,
				7FAEDB032DF535FB00011D8C /* VideoPickerView.swift */,
			);
			path = NewVideoPromptView;
			sourceTree = "<group>";
		};
		7FB6684B2D879FF800BD72D9 = {
			isa = PBXGroup;
			children = (
				7FAEDB122DF535FB00011D8C /* 1SecJournal */,
				7FB8FAFF2E358E3B00B02E97 /* 1SecJournalAppIntents */,
				7F85E5FC2E359B8E00E20634 /* SecJournalWidgetExtension */,
				7F1D56B72E0A2650001069D0 /* Frameworks */,
				7FB668552D879FF800BD72D9 /* Products */,
			);
			sourceTree = "<group>";
		};
		7FB668552D879FF800BD72D9 /* Products */ = {
			isa = PBXGroup;
			children = (
				7FB668542D879FF800BD72D9 /* 1SecJournal.app */,
				7FB8FAFE2E358E3B00B02E97 /* 1SecJournalAppIntents.appex */,
				7F85E5F72E359B8E00E20634 /* SecJournalWidgetExtensionExtension.appex */,
			);
			name = Products;
			sourceTree = "<group>";
		};
/* End PBXGroup section */

/* Begin PBXNativeTarget section */
		7F85E5F62E359B8E00E20634 /* SecJournalWidgetExtensionExtension */ = {
			isa = PBXNativeTarget;
			buildConfigurationList = 7F85E60F2E359B9000E20634 /* Build configuration list for PBXNativeTarget "SecJournalWidgetExtensionExtension" */;
			buildPhases = (
				7F85E5F32E359B8E00E20634 /* Sources */,
				7F85E5F42E359B8E00E20634 /* Frameworks */,
				7F85E5F52E359B8E00E20634 /* Resources */,
			);
			buildRules = (
			);
			dependencies = (
			);
			fileSystemSynchronizedGroups = (
				7F85E5FC2E359B8E00E20634 /* SecJournalWidgetExtension */,
			);
			name = SecJournalWidgetExtensionExtension;
			packageProductDependencies = (
			);
			productName = SecJournalWidgetExtensionExtension;
			productReference = 7F85E5F72E359B8E00E20634 /* SecJournalWidgetExtensionExtension.appex */;
			productType = "com.apple.product-type.app-extension";
		};
		7FB668532D879FF800BD72D9 /* 1SecJournal */ = {
			isa = PBXNativeTarget;
			buildConfigurationList = 7FB668622D879FF900BD72D9 /* Build configuration list for PBXNativeTarget "1SecJournal" */;
			buildPhases = (
				7FB668502D879FF800BD72D9 /* Sources */,
				7FB668512D879FF800BD72D9 /* Frameworks */,
				7FB668522D879FF800BD72D9 /* Resources */,
				7FB8FB082E358E3B00B02E97 /* Embed ExtensionKit Extensions */,
				7F85E60B2E359B9000E20634 /* Embed Foundation Extensions */,
			);
			buildRules = (
			);
			dependencies = (
				7FB8FB062E358E3B00B02E97 /* PBXTargetDependency */,
				7F85E6092E359B9000E20634 /* PBXTargetDependency */,
			);
			name = 1SecJournal;
			packageProductDependencies = (
				7F1D56BA2E0A2685001069D0 /* IssueReporting */,
				7F1D56BC2E0A2685001069D0 /* XCTestDynamicOverlay */,
			);
			productName = 1SecJournal;
			productReference = 7FB668542D879FF800BD72D9 /* 1SecJournal.app */;
			productType = "com.apple.product-type.application";
		};
		7FB8FAFD2E358E3B00B02E97 /* 1SecJournalAppIntents */ = {
			isa = PBXNativeTarget;
			buildConfigurationList = 7FB8FB0C2E358E3B00B02E97 /* Build configuration list for PBXNativeTarget "1SecJournalAppIntents" */;
			buildPhases = (
				7FB8FAFA2E358E3B00B02E97 /* Sources */,
				7FB8FAFB2E358E3B00B02E97 /* Frameworks */,
				7FB8FAFC2E358E3B00B02E97 /* Resources */,
			);
			buildRules = (
			);
			dependencies = (
			);
			fileSystemSynchronizedGroups = (
				7FB8FAFF2E358E3B00B02E97 /* 1SecJournalAppIntents */,
			);
			name = 1SecJournalAppIntents;
			packageProductDependencies = (
			);
			productName = 1SecJournalAppIntents;
			productReference = 7FB8FAFE2E358E3B00B02E97 /* 1SecJournalAppIntents.appex */;
			productType = "com.apple.product-type.extensionkit-extension";
		};
/* End PBXNativeTarget section */

/* Begin PBXProject section */
		7FB6684C2D879FF800BD72D9 /* Project object */ = {
			isa = PBXProject;
			attributes = {
				BuildIndependentTargetsInParallel = 1;
				LastSwiftUpdateCheck = 2600;
				LastUpgradeCheck = 1630;
				TargetAttributes = {
					7F85E5F62E359B8E00E20634 = {
						CreatedOnToolsVersion = 26.0;
					};
					7FB668532D879FF800BD72D9 = {
						CreatedOnToolsVersion = 16.2;
					};
					7FB8FAFD2E358E3B00B02E97 = {
						CreatedOnToolsVersion = 26.0;
					};
				};
			};
			buildConfigurationList = 7FB6684F2D879FF800BD72D9 /* Build configuration list for PBXProject "1SecJournal" */;
			developmentRegion = en;
			hasScannedForEncodings = 0;
			knownRegions = (
				en,
				Base,
			);
			mainGroup = 7FB6684B2D879FF800BD72D9;
			minimizedProjectReferenceProxies = 1;
			packageReferences = (
				7F1D56B62E0A2642001069D0 /* XCRemoteSwiftPackageReference "swift-issue-reporting" */,
			);
			preferredProjectObjectVersion = 77;
			productRefGroup = 7FB668552D879FF800BD72D9 /* Products */;
			projectDirPath = "";
			projectRoot = "";
			targets = (
				7FB668532D879FF800BD72D9 /* 1SecJournal */,
				7FB8FAFD2E358E3B00B02E97 /* 1SecJournalAppIntents */,
				7F85E5F62E359B8E00E20634 /* SecJournalWidgetExtensionExtension */,
			);
		};
/* End PBXProject section */

/* Begin PBXResourcesBuildPhase section */
		7F85E5F52E359B8E00E20634 /* Resources */ = {
			isa = PBXResourcesBuildPhase;
			buildActionMask = 2147483647;
			files = (
			);
			runOnlyForDeploymentPostprocessing = 0;
		};
		7FB668522D879FF800BD72D9 /* Resources */ = {
			isa = PBXResourcesBuildPhase;
			buildActionMask = 2147483647;
			files = (
				7FAEDB132DF535FB00011D8C /* Preview Assets.xcassets in Resources */,
				7F6389252DFF15D400DC8DCF /* VideoJournalIconV3.icon in Resources */,
				7FAEDB142DF535FB00011D8C /* Assets.xcassets in Resources */,
			);
			runOnlyForDeploymentPostprocessing = 0;
		};
		7FB8FAFC2E358E3B00B02E97 /* Resources */ = {
			isa = PBXResourcesBuildPhase;
			buildActionMask = 2147483647;
			files = (
			);
			runOnlyForDeploymentPostprocessing = 0;
		};
/* End PBXResourcesBuildPhase section */

/* Begin PBXSourcesBuildPhase section */
		7F85E5F32E359B8E00E20634 /* Sources */ = {
			isa = PBXSourcesBuildPhase;
			buildActionMask = 2147483647;
			files = (
			);
			runOnlyForDeploymentPostprocessing = 0;
		};
		7FB668502D879FF800BD72D9 /* Sources */ = {
			isa = PBXSourcesBuildPhase;
			buildActionMask = 2147483647;
			files = (
				7FAEDB152DF535FB00011D8C /* VideoEntry.swift in Sources */,
				7FAEDB162DF535FB00011D8C /* TimeFormatter.swift in Sources */,
				7FAEDB172DF535FB00011D8C /* HomeListView.swift in Sources */,
				7FAEDB182DF535FB00011D8C /* HomeListViewModel.swift in Sources */,
				7F85E6172E39AC9F00E20634 /* VideoRecorderViewModel.swift in Sources */,
				7F85E6212E3EC7A100E20634 /* NavigationRouter.swift in Sources */,
				7FAEDB192DF535FB00011D8C /* VideoPlayerWrapperView.swift in Sources */,
				7F85E6192E3AF1EE00E20634 /* VideoCreationRootView.swift in Sources */,
				7FAEDB1A2DF535FB00011D8C /* CameraRecorderOverlayView.swift in Sources */,
				7FAEDB1B2DF535FB00011D8C /* CameraRecorderViewController.swift in Sources */,
				7F6389322E08B87500DC8DCF /* Logger.swift in Sources */,
				7F6389292E074B4C00DC8DCF /* DailyVideoEntry.swift in Sources */,
				7F6389372E08CAC200DC8DCF /* VideoFileManager.swift in Sources */,
				7FAEDB1C2DF535FB00011D8C /* RecordVideoButtonView.swift in Sources */,
				7FAEDB1D2DF535FB00011D8C /* CreateStitchView.swift in Sources */,
				7FAEDB1E2DF535FB00011D8C /* CreateStitchViewModel.swift in Sources */,
				7FAEDB1F2DF535FB00011D8C /* NewVideoPromptView.swift in Sources */,
				7FAEDB202DF535FB00011D8C /* NewVideoPromptViewModel.swift in Sources */,
				7FAEDB212DF535FB00011D8C /* VideoPickerView.swift in Sources */,
				7FAEDB222DF535FB00011D8C /* VideoRecorderView.swift in Sources */,
				7FAEDB232DF535FB00011D8C /* DiscardButtonView.swift in Sources */,
				7FAEDB242DF535FB00011D8C /* PillButtonView.swift in Sources */,
				7F6389352E08C9E900DC8DCF /* AVManager.swift in Sources */,
				7F85E61F2E3B0F3000E20634 /* CameraPreloader.swift in Sources */,
				7FAEDB252DF535FB00011D8C /* SaveButtonView.swift in Sources */,
				7F85E61D2E3AF56200E20634 /* VideoPlayerWithOverlayView.swift in Sources */,
				7FAEDB262DF535FB00011D8C /* TapToRecordView.swift in Sources */,
				7F6389272E074B3900DC8DCF /* StitchedVideoEntry.swift in Sources */,
				7F85E61B2E3AF24000E20634 /* VideoCreationRootViewModel.swift in Sources */,
				7FAEDB272DF535FB00011D8C /* ShareSheet.swift in Sources */,
				7FAEDB282DF535FB00011D8C /* _SecJournalApp.swift in Sources */,
				7FAEDB292DF535FB00011D8C /* ContentView.swift in Sources */,
			);
			runOnlyForDeploymentPostprocessing = 0;
		};
		7FB8FAFA2E358E3B00B02E97 /* Sources */ = {
			isa = PBXSourcesBuildPhase;
			buildActionMask = 2147483647;
			files = (
			);
			runOnlyForDeploymentPostprocessing = 0;
		};
/* End PBXSourcesBuildPhase section */

/* Begin PBXTargetDependency section */
		7F85E6092E359B9000E20634 /* PBXTargetDependency */ = {
			isa = PBXTargetDependency;
			target = 7F85E5F62E359B8E00E20634 /* SecJournalWidgetExtensionExtension */;
			targetProxy = 7F85E6082E359B9000E20634 /* PBXContainerItemProxy */;
		};
		7FB8FB062E358E3B00B02E97 /* PBXTargetDependency */ = {
			isa = PBXTargetDependency;
			target = 7FB8FAFD2E358E3B00B02E97 /* 1SecJournalAppIntents */;
			targetProxy = 7FB8FB052E358E3B00B02E97 /* PBXContainerItemProxy */;
		};
/* End PBXTargetDependency section */

/* Begin XCBuildConfiguration section */
		7F85E60C2E359B9000E20634 /* Debug */ = {
			isa = XCBuildConfiguration;
			buildSettings = {
				ASSETCATALOG_COMPILER_GLOBAL_ACCENT_COLOR_NAME = AccentColor;
				ASSETCATALOG_COMPILER_WIDGET_BACKGROUND_COLOR_NAME = WidgetBackground;
				CODE_SIGN_IDENTITY = "Apple Development";
				CODE_SIGN_STYLE = Automatic;
				CURRENT_PROJECT_VERSION = 1;
				DEVELOPMENT_TEAM = T24L76PMG9;
				GENERATE_INFOPLIST_FILE = YES;
				INFOPLIST_FILE = SecJournalWidgetExtension/Info.plist;
				INFOPLIST_KEY_CFBundleDisplayName = SecJournalWidgetExtension;
				INFOPLIST_KEY_NSHumanReadableCopyright = "";
				IPHONEOS_DEPLOYMENT_TARGET = 26.0;
				LD_RUNPATH_SEARCH_PATHS = (
					"$(inherited)",
					"@executable_path/Frameworks",
					"@executable_path/../../Frameworks",
				);
				MARKETING_VERSION = 1.0;
				PRODUCT_BUNDLE_IDENTIFIER = "com.comedichoney.-SecJournal.SecJournalWidgetExtension";
				PRODUCT_NAME = "$(TARGET_NAME)";
				SKIP_INSTALL = YES;
				STRING_CATALOG_GENERATE_SYMBOLS = YES;
				SWIFT_APPROACHABLE_CONCURRENCY = YES;
				SWIFT_EMIT_LOC_STRINGS = YES;
				SWIFT_UPCOMING_FEATURE_MEMBER_IMPORT_VISIBILITY = YES;
				SWIFT_VERSION = 5.0;
				TARGETED_DEVICE_FAMILY = "1,2";
			};
			name = Debug;
		};
		7F85E60D2E359B9000E20634 /* Release */ = {
			isa = XCBuildConfiguration;
			buildSettings = {
				ASSETCATALOG_COMPILER_GLOBAL_ACCENT_COLOR_NAME = AccentColor;
				ASSETCATALOG_COMPILER_WIDGET_BACKGROUND_COLOR_NAME = WidgetBackground;
				CODE_SIGN_IDENTITY = "Apple Development";
				CODE_SIGN_STYLE = Automatic;
				CURRENT_PROJECT_VERSION = 1;
				DEVELOPMENT_TEAM = T24L76PMG9;
				GENERATE_INFOPLIST_FILE = YES;
				INFOPLIST_FILE = SecJournalWidgetExtension/Info.plist;
				INFOPLIST_KEY_CFBundleDisplayName = SecJournalWidgetExtension;
				INFOPLIST_KEY_NSHumanReadableCopyright = "";
				IPHONEOS_DEPLOYMENT_TARGET = 26.0;
				LD_RUNPATH_SEARCH_PATHS = (
					"$(inherited)",
					"@executable_path/Frameworks",
					"@executable_path/../../Frameworks",
				);
				MARKETING_VERSION = 1.0;
				PRODUCT_BUNDLE_IDENTIFIER = "com.comedichoney.-SecJournal.SecJournalWidgetExtension";
				PRODUCT_NAME = "$(TARGET_NAME)";
				SKIP_INSTALL = YES;
				STRING_CATALOG_GENERATE_SYMBOLS = YES;
				SWIFT_APPROACHABLE_CONCURRENCY = YES;
				SWIFT_EMIT_LOC_STRINGS = YES;
				SWIFT_UPCOMING_FEATURE_MEMBER_IMPORT_VISIBILITY = YES;
				SWIFT_VERSION = 5.0;
				TARGETED_DEVICE_FAMILY = "1,2";
			};
			name = Release;
		};
		7FB668602D879FF900BD72D9 /* Debug */ = {
			isa = XCBuildConfiguration;
			buildSettings = {
				ALWAYS_SEARCH_USER_PATHS = NO;
				ASSETCATALOG_COMPILER_GENERATE_SWIFT_ASSET_SYMBOL_EXTENSIONS = YES;
				CLANG_ANALYZER_NONNULL = YES;
				CLANG_ANALYZER_NUMBER_OBJECT_CONVERSION = YES_AGGRESSIVE;
				CLANG_CXX_LANGUAGE_STANDARD = "gnu++20";
				CLANG_ENABLE_MODULES = YES;
				CLANG_ENABLE_OBJC_ARC = YES;
				CLANG_ENABLE_OBJC_WEAK = YES;
				CLANG_WARN_BLOCK_CAPTURE_AUTORELEASING = YES;
				CLANG_WARN_BOOL_CONVERSION = YES;
				CLANG_WARN_COMMA = YES;
				CLANG_WARN_CONSTANT_CONVERSION = YES;
				CLANG_WARN_DEPRECATED_OBJC_IMPLEMENTATIONS = YES;
				CLANG_WARN_DIRECT_OBJC_ISA_USAGE = YES_ERROR;
				CLANG_WARN_DOCUMENTATION_COMMENTS = YES;
				CLANG_WARN_EMPTY_BODY = YES;
				CLANG_WARN_ENUM_CONVERSION = YES;
				CLANG_WARN_INFINITE_RECURSION = YES;
				CLANG_WARN_INT_CONVERSION = YES;
				CLANG_WARN_NON_LITERAL_NULL_CONVERSION = YES;
				CLANG_WARN_OBJC_IMPLICIT_RETAIN_SELF = YES;
				CLANG_WARN_OBJC_LITERAL_CONVERSION = YES;
				CLANG_WARN_OBJC_ROOT_CLASS = YES_ERROR;
				CLANG_WARN_QUOTED_INCLUDE_IN_FRAMEWORK_HEADER = YES;
				CLANG_WARN_RANGE_LOOP_ANALYSIS = YES;
				CLANG_WARN_STRICT_PROTOTYPES = YES;
				CLANG_WARN_SUSPICIOUS_MOVE = YES;
				CLANG_WARN_UNGUARDED_AVAILABILITY = YES_AGGRESSIVE;
				CLANG_WARN_UNREACHABLE_CODE = YES;
				CLANG_WARN__DUPLICATE_METHOD_MATCH = YES;
				COPY_PHASE_STRIP = NO;
				DEBUG_INFORMATION_FORMAT = dwarf;
				DEVELOPMENT_TEAM = T24L76PMG9;
				ENABLE_STRICT_OBJC_MSGSEND = YES;
				ENABLE_TESTABILITY = YES;
				ENABLE_USER_SCRIPT_SANDBOXING = YES;
				GCC_C_LANGUAGE_STANDARD = gnu17;
				GCC_DYNAMIC_NO_PIC = NO;
				GCC_NO_COMMON_BLOCKS = YES;
				GCC_OPTIMIZATION_LEVEL = 0;
				GCC_PREPROCESSOR_DEFINITIONS = (
					"DEBUG=1",
					"$(inherited)",
				);
				GCC_WARN_64_TO_32_BIT_CONVERSION = YES;
				GCC_WARN_ABOUT_RETURN_TYPE = YES_ERROR;
				GCC_WARN_UNDECLARED_SELECTOR = YES;
				GCC_WARN_UNINITIALIZED_AUTOS = YES_AGGRESSIVE;
				GCC_WARN_UNUSED_FUNCTION = YES;
				GCC_WARN_UNUSED_VARIABLE = YES;
				IPHONEOS_DEPLOYMENT_TARGET = 18.2;
				LOCALIZATION_PREFERS_STRING_CATALOGS = YES;
				MTL_ENABLE_DEBUG_INFO = INCLUDE_SOURCE;
				MTL_FAST_MATH = YES;
				ONLY_ACTIVE_ARCH = YES;
				SDKROOT = iphoneos;
				SWIFT_ACTIVE_COMPILATION_CONDITIONS = "DEBUG $(inherited)";
				SWIFT_OPTIMIZATION_LEVEL = "-Onone";
			};
			name = Debug;
		};
		7FB668612D879FF900BD72D9 /* Release */ = {
			isa = XCBuildConfiguration;
			buildSettings = {
				ALWAYS_SEARCH_USER_PATHS = NO;
				ASSETCATALOG_COMPILER_GENERATE_SWIFT_ASSET_SYMBOL_EXTENSIONS = YES;
				CLANG_ANALYZER_NONNULL = YES;
				CLANG_ANALYZER_NUMBER_OBJECT_CONVERSION = YES_AGGRESSIVE;
				CLANG_CXX_LANGUAGE_STANDARD = "gnu++20";
				CLANG_ENABLE_MODULES = YES;
				CLANG_ENABLE_OBJC_ARC = YES;
				CLANG_ENABLE_OBJC_WEAK = YES;
				CLANG_WARN_BLOCK_CAPTURE_AUTORELEASING = YES;
				CLANG_WARN_BOOL_CONVERSION = YES;
				CLANG_WARN_COMMA = YES;
				CLANG_WARN_CONSTANT_CONVERSION = YES;
				CLANG_WARN_DEPRECATED_OBJC_IMPLEMENTATIONS = YES;
				CLANG_WARN_DIRECT_OBJC_ISA_USAGE = YES_ERROR;
				CLANG_WARN_DOCUMENTATION_COMMENTS = YES;
				CLANG_WARN_EMPTY_BODY = YES;
				CLANG_WARN_ENUM_CONVERSION = YES;
				CLANG_WARN_INFINITE_RECURSION = YES;
				CLANG_WARN_INT_CONVERSION = YES;
				CLANG_WARN_NON_LITERAL_NULL_CONVERSION = YES;
				CLANG_WARN_OBJC_IMPLICIT_RETAIN_SELF = YES;
				CLANG_WARN_OBJC_LITERAL_CONVERSION = YES;
				CLANG_WARN_OBJC_ROOT_CLASS = YES_ERROR;
				CLANG_WARN_QUOTED_INCLUDE_IN_FRAMEWORK_HEADER = YES;
				CLANG_WARN_RANGE_LOOP_ANALYSIS = YES;
				CLANG_WARN_STRICT_PROTOTYPES = YES;
				CLANG_WARN_SUSPICIOUS_MOVE = YES;
				CLANG_WARN_UNGUARDED_AVAILABILITY = YES_AGGRESSIVE;
				CLANG_WARN_UNREACHABLE_CODE = YES;
				CLANG_WARN__DUPLICATE_METHOD_MATCH = YES;
				COPY_PHASE_STRIP = NO;
				DEBUG_INFORMATION_FORMAT = "dwarf-with-dsym";
				DEVELOPMENT_TEAM = T24L76PMG9;
				ENABLE_NS_ASSERTIONS = NO;
				ENABLE_STRICT_OBJC_MSGSEND = YES;
				ENABLE_USER_SCRIPT_SANDBOXING = YES;
				GCC_C_LANGUAGE_STANDARD = gnu17;
				GCC_NO_COMMON_BLOCKS = YES;
				GCC_WARN_64_TO_32_BIT_CONVERSION = YES;
				GCC_WARN_ABOUT_RETURN_TYPE = YES_ERROR;
				GCC_WARN_UNDECLARED_SELECTOR = YES;
				GCC_WARN_UNINITIALIZED_AUTOS = YES_AGGRESSIVE;
				GCC_WARN_UNUSED_FUNCTION = YES;
				GCC_WARN_UNUSED_VARIABLE = YES;
				IPHONEOS_DEPLOYMENT_TARGET = 18.2;
				LOCALIZATION_PREFERS_STRING_CATALOGS = YES;
				MTL_ENABLE_DEBUG_INFO = NO;
				MTL_FAST_MATH = YES;
				SDKROOT = iphoneos;
				SWIFT_COMPILATION_MODE = wholemodule;
				VALIDATE_PRODUCT = YES;
			};
			name = Release;
		};
		7FB668632D879FF900BD72D9 /* Debug */ = {
			isa = XCBuildConfiguration;
			buildSettings = {
				ASSETCATALOG_COMPILER_APPICON_NAME = VideoJournalIconV3;
				ASSETCATALOG_COMPILER_GLOBAL_ACCENT_COLOR_NAME = AccentColor;
				ASSETCATALOG_COMPILER_INCLUDE_ALL_APPICON_ASSETS = NO;
				CODE_SIGN_ENTITLEMENTS = 1SecJournal/1SecJournal.entitlements;
				CODE_SIGN_IDENTITY = "Apple Development";
				CODE_SIGN_STYLE = Automatic;
				CURRENT_PROJECT_VERSION = 1;
				DEVELOPMENT_ASSET_PATHS = "\"1SecJournal/Preview Content\"";
				DEVELOPMENT_TEAM = T24L76PMG9;
				ENABLE_PREVIEWS = YES;
				GENERATE_INFOPLIST_FILE = YES;
				INFOPLIST_KEY_NSCameraUsageDescription = "This app needs access to your camera to record and save 1-second videos.";
				INFOPLIST_KEY_NSMicrophoneUsageDescription = "This app needs access to your microphone to record and save 1-second videos.";
				INFOPLIST_KEY_UIApplicationSceneManifest_Generation = YES;
				INFOPLIST_KEY_UIApplicationSupportsIndirectInputEvents = YES;
				INFOPLIST_KEY_UILaunchScreen_Generation = YES;
				INFOPLIST_KEY_UISupportedInterfaceOrientations_iPhone = UIInterfaceOrientationPortrait;
				IPHONEOS_DEPLOYMENT_TARGET = 26.0;
				LD_RUNPATH_SEARCH_PATHS = (
					"$(inherited)",
					"@executable_path/Frameworks",
				);
				MARKETING_VERSION = 1.0;
				PRODUCT_BUNDLE_IDENTIFIER = "com.comedichoney.-SecJournal";
				PRODUCT_NAME = "$(TARGET_NAME)";
				PROVISIONING_PROFILE_SPECIFIER = "";
				SUPPORTED_PLATFORMS = "iphoneos iphonesimulator";
				SUPPORTS_MACCATALYST = NO;
				SWIFT_EMIT_LOC_STRINGS = YES;
				SWIFT_VERSION = 5.0;
				TARGETED_DEVICE_FAMILY = 1;
			};
			name = Debug;
		};
		7FB668642D879FF900BD72D9 /* Release */ = {
			isa = XCBuildConfiguration;
			buildSettings = {
				ASSETCATALOG_COMPILER_APPICON_NAME = VideoJournalIconV3;
				ASSETCATALOG_COMPILER_GLOBAL_ACCENT_COLOR_NAME = AccentColor;
				ASSETCATALOG_COMPILER_INCLUDE_ALL_APPICON_ASSETS = NO;
				CODE_SIGN_ENTITLEMENTS = 1SecJournal/1SecJournal.entitlements;
				CODE_SIGN_IDENTITY = "Apple Development";
				CODE_SIGN_STYLE = Automatic;
				CURRENT_PROJECT_VERSION = 1;
				DEVELOPMENT_ASSET_PATHS = "\"1SecJournal/Preview Content\"";
				DEVELOPMENT_TEAM = T24L76PMG9;
				ENABLE_PREVIEWS = YES;
				GENERATE_INFOPLIST_FILE = YES;
				INFOPLIST_KEY_NSCameraUsageDescription = "This app needs access to your camera to record and save 1-second videos.";
				INFOPLIST_KEY_NSMicrophoneUsageDescription = "This app needs access to your microphone to record and save 1-second videos.";
				INFOPLIST_KEY_UIApplicationSceneManifest_Generation = YES;
				INFOPLIST_KEY_UIApplicationSupportsIndirectInputEvents = YES;
				INFOPLIST_KEY_UILaunchScreen_Generation = YES;
				INFOPLIST_KEY_UISupportedInterfaceOrientations_iPhone = UIInterfaceOrientationPortrait;
				IPHONEOS_DEPLOYMENT_TARGET = 26.0;
				LD_RUNPATH_SEARCH_PATHS = (
					"$(inherited)",
					"@executable_path/Frameworks",
				);
				MARKETING_VERSION = 1.0;
				PRODUCT_BUNDLE_IDENTIFIER = "com.comedichoney.-SecJournal";
				PRODUCT_NAME = "$(TARGET_NAME)";
				PROVISIONING_PROFILE_SPECIFIER = "";
				SUPPORTED_PLATFORMS = "iphoneos iphonesimulator";
				SUPPORTS_MACCATALYST = NO;
				SWIFT_EMIT_LOC_STRINGS = YES;
				SWIFT_VERSION = 5.0;
				TARGETED_DEVICE_FAMILY = 1;
			};
			name = Release;
		};
		7FB8FB092E358E3B00B02E97 /* Debug */ = {
			isa = XCBuildConfiguration;
			buildSettings = {
				CODE_SIGN_STYLE = Automatic;
				CURRENT_PROJECT_VERSION = 1;
				GENERATE_INFOPLIST_FILE = YES;
				INFOPLIST_FILE = 1SecJournalAppIntents/Info.plist;
				INFOPLIST_KEY_CFBundleDisplayName = 1SecJournalAppIntents;
				INFOPLIST_KEY_NSHumanReadableCopyright = "";
				IPHONEOS_DEPLOYMENT_TARGET = 26.0;
				LD_RUNPATH_SEARCH_PATHS = (
					"$(inherited)",
					"@executable_path/Frameworks",
					"@executable_path/../../Frameworks",
				);
				MARKETING_VERSION = 1.0;
				PRODUCT_BUNDLE_IDENTIFIER = "com.comedichoney.-SecJournal.-SecJournalAppIntents";
				PRODUCT_NAME = "$(TARGET_NAME)";
				SKIP_INSTALL = YES;
				STRING_CATALOG_GENERATE_SYMBOLS = YES;
				SWIFT_APPROACHABLE_CONCURRENCY = YES;
				SWIFT_EMIT_LOC_STRINGS = YES;
				SWIFT_UPCOMING_FEATURE_MEMBER_IMPORT_VISIBILITY = YES;
				SWIFT_VERSION = 5.0;
				TARGETED_DEVICE_FAMILY = "1,2";
			};
			name = Debug;
		};
		7FB8FB0A2E358E3B00B02E97 /* Release */ = {
			isa = XCBuildConfiguration;
			buildSettings = {
				CODE_SIGN_STYLE = Automatic;
				CURRENT_PROJECT_VERSION = 1;
				GENERATE_INFOPLIST_FILE = YES;
				INFOPLIST_FILE = 1SecJournalAppIntents/Info.plist;
				INFOPLIST_KEY_CFBundleDisplayName = 1SecJournalAppIntents;
				INFOPLIST_KEY_NSHumanReadableCopyright = "";
				IPHONEOS_DEPLOYMENT_TARGET = 26.0;
				LD_RUNPATH_SEARCH_PATHS = (
					"$(inherited)",
					"@executable_path/Frameworks",
					"@executable_path/../../Frameworks",
				);
				MARKETING_VERSION = 1.0;
				PRODUCT_BUNDLE_IDENTIFIER = "com.comedichoney.-SecJournal.-SecJournalAppIntents";
				PRODUCT_NAME = "$(TARGET_NAME)";
				SKIP_INSTALL = YES;
				STRING_CATALOG_GENERATE_SYMBOLS = YES;
				SWIFT_APPROACHABLE_CONCURRENCY = YES;
				SWIFT_EMIT_LOC_STRINGS = YES;
				SWIFT_UPCOMING_FEATURE_MEMBER_IMPORT_VISIBILITY = YES;
				SWIFT_VERSION = 5.0;
				TARGETED_DEVICE_FAMILY = "1,2";
			};
			name = Release;
		};
/* End XCBuildConfiguration section */

/* Begin XCConfigurationList section */
		7F85E60F2E359B9000E20634 /* Build configuration list for PBXNativeTarget "SecJournalWidgetExtensionExtension" */ = {
			isa = XCConfigurationList;
			buildConfigurations = (
				7F85E60C2E359B9000E20634 /* Debug */,
				7F85E60D2E359B9000E20634 /* Release */,
			);
			defaultConfigurationIsVisible = 0;
			defaultConfigurationName = Release;
		};
		7FB6684F2D879FF800BD72D9 /* Build configuration list for PBXProject "1SecJournal" */ = {
			isa = XCConfigurationList;
			buildConfigurations = (
				7FB668602D879FF900BD72D9 /* Debug */,
				7FB668612D879FF900BD72D9 /* Release */,
			);
			defaultConfigurationIsVisible = 0;
			defaultConfigurationName = Release;
		};
		7FB668622D879FF900BD72D9 /* Build configuration list for PBXNativeTarget "1SecJournal" */ = {
			isa = XCConfigurationList;
			buildConfigurations = (
				7FB668632D879FF900BD72D9 /* Debug */,
				7FB668642D879FF900BD72D9 /* Release */,
			);
			defaultConfigurationIsVisible = 0;
			defaultConfigurationName = Release;
		};
		7FB8FB0C2E358E3B00B02E97 /* Build configuration list for PBXNativeTarget "1SecJournalAppIntents" */ = {
			isa = XCConfigurationList;
			buildConfigurations = (
				7FB8FB092E358E3B00B02E97 /* Debug */,
				7FB8FB0A2E358E3B00B02E97 /* Release */,
			);
			defaultConfigurationIsVisible = 0;
			defaultConfigurationName = Release;
		};
/* End XCConfigurationList section */

/* Begin XCRemoteSwiftPackageReference section */
		7F1D56B62E0A2642001069D0 /* XCRemoteSwiftPackageReference "swift-issue-reporting" */ = {
			isa = XCRemoteSwiftPackageReference;
			repositoryURL = "https://github.com/pointfreeco/swift-issue-reporting";
			requirement = {
				kind = upToNextMajorVersion;
				minimumVersion = 1.5.2;
			};
		};
/* End XCRemoteSwiftPackageReference section */

/* Begin XCSwiftPackageProductDependency section */
		7F1D56BA2E0A2685001069D0 /* IssueReporting */ = {
			isa = XCSwiftPackageProductDependency;
			package = 7F1D56B62E0A2642001069D0 /* XCRemoteSwiftPackageReference "swift-issue-reporting" */;
			productName = IssueReporting;
		};
		7F1D56BC2E0A2685001069D0 /* XCTestDynamicOverlay */ = {
			isa = XCSwiftPackageProductDependency;
			package = 7F1D56B62E0A2642001069D0 /* XCRemoteSwiftPackageReference "swift-issue-reporting" */;
			productName = XCTestDynamicOverlay;
		};
/* End XCSwiftPackageProductDependency section */
	};
	rootObject = 7FB6684C2D879FF800BD72D9 /* Project object */;
}
