// !$*UTF8*$!
{
	archiveVersion = 1;
	classes = {
	};
	objectVersion = 77;
	objects = {

/* Begin PBXBuildFile section */
		7FAEDB132DF535FB00011D8C /* Preview Assets.xcassets in Resources */ = {isa = PBXBuildFile; fileRef = 7FAEDAF22DF535FB00011D8C /* Preview Assets.xcassets */; };
		7FAEDB142DF535FB00011D8C /* Assets.xcassets in Resources */ = {isa = PBXBuildFile; fileRef = 7FAEDB102DF535FB00011D8C /* Assets.xcassets */; };
		7FAEDB152DF535FB00011D8C /* VideoEntry.swift in Sources */ = {isa = PBXBuildFile; fileRef = 7FAEDAF02DF535FB00011D8C /* VideoEntry.swift */; };
		7FAEDB162DF535FB00011D8C /* TimeFormatter.swift in Sources */ = {isa = PBXBuildFile; fileRef = 7FAEDAF42DF535FB00011D8C /* TimeFormatter.swift */; };
		7FAEDB172DF535FB00011D8C /* HomeListView.swift in Sources */ = {isa = PBXBuildFile; fileRef = 7FAEDAF62DF535FB00011D8C /* HomeListView.swift */; };
		7FAEDB182DF535FB00011D8C /* HomeListViewModel.swift in Sources */ = {isa = PBXBuildFile; fileRef = 7FAEDAF72DF535FB00011D8C /* HomeListViewModel.swift */; };
		7FAEDB192DF535FB00011D8C /* VideoPlayerWrapperView.swift in Sources */ = {isa = PBXBuildFile; fileRef = 7FAEDAF82DF535FB00011D8C /* VideoPlayerWrapperView.swift */; };
		7FAEDB1A2DF535FB00011D8C /* CameraRecorderOverlayView.swift in Sources */ = {isa = PBXBuildFile; fileRef = 7FAEDAFA2DF535FB00011D8C /* CameraRecorderOverlayView.swift */; };
		7FAEDB1B2DF535FB00011D8C /* CameraRecorderViewController.swift in Sources */ = {isa = PBXBuildFile; fileRef = 7FAEDAFB2DF535FB00011D8C /* CameraRecorderViewController.swift */; };
		7FAEDB1C2DF535FB00011D8C /* RecordVideoButtonView.swift in Sources */ = {isa = PBXBuildFile; fileRef = 7FAEDAFC2DF535FB00011D8C /* RecordVideoButtonView.swift */; };
		7FAEDB1D2DF535FB00011D8C /* CreateStitchView.swift in Sources */ = {isa = PBXBuildFile; fileRef = 7FAEDAFE2DF535FB00011D8C /* CreateStitchView.swift */; };
		7FAEDB1E2DF535FB00011D8C /* CreateStitchViewModel.swift in Sources */ = {isa = PBXBuildFile; fileRef = 7FAEDAFF2DF535FB00011D8C /* CreateStitchViewModel.swift */; };
		7FAEDB1F2DF535FB00011D8C /* NewVideoPromptView.swift in Sources */ = {isa = PBXBuildFile; fileRef = 7FAEDB012DF535FB00011D8C /* NewVideoPromptView.swift */; };
		7FAEDB202DF535FB00011D8C /* NewVideoPromptViewModel.swift in Sources */ = {isa = PBXBuildFile; fileRef = 7FAEDB022DF535FB00011D8C /* NewVideoPromptViewModel.swift */; };
		7FAEDB212DF535FB00011D8C /* VideoPickerView.swift in Sources */ = {isa = PBXBuildFile; fileRef = 7FAEDB032DF535FB00011D8C /* VideoPickerView.swift */; };
		7FAEDB222DF535FB00011D8C /* VideoRecorderView.swift in Sources */ = {isa = PBXBuildFile; fileRef = 7FAEDB042DF535FB00011D8C /* VideoRecorderView.swift */; };
		7FAEDB232DF535FB00011D8C /* DiscardButtonView.swift in Sources */ = {isa = PBXBuildFile; fileRef = 7FAEDB062DF535FB00011D8C /* DiscardButtonView.swift */; };
		7FAEDB242DF535FB00011D8C /* PillButtonView.swift in Sources */ = {isa = PBXBuildFile; fileRef = 7FAEDB072DF535FB00011D8C /* PillButtonView.swift */; };
		7FAEDB252DF535FB00011D8C /* SaveButtonView.swift in Sources */ = {isa = PBXBuildFile; fileRef = 7FAEDB082DF535FB00011D8C /* SaveButtonView.swift */; };
		7FAEDB262DF535FB00011D8C /* TapToRecordView.swift in Sources */ = {isa = PBXBuildFile; fileRef = 7FAEDB092DF535FB00011D8C /* TapToRecordView.swift */; };
		7FAEDB272DF535FB00011D8C /* ShareSheet.swift in Sources */ = {isa = PBXBuildFile; fileRef = 7FAEDB0B2DF535FB00011D8C /* ShareSheet.swift */; };
		7FAEDB282DF535FB00011D8C /* _SecJournalApp.swift in Sources */ = {isa = PBXBuildFile; fileRef = 7FAEDB0E2DF535FB00011D8C /* _SecJournalApp.swift */; };
		7FAEDB292DF535FB00011D8C /* ContentView.swift in Sources */ = {isa = PBXBuildFile; fileRef = 7FAEDB112DF535FB00011D8C /* ContentView.swift */; };
/* End PBXBuildFile section */

/* Begin PBXFileReference section */
		7FAEDAF02DF535FB00011D8C /* VideoEntry.swift */ = {isa = PBXFileReference; lastKnownFileType = sourcecode.swift; path = VideoEntry.swift; sourceTree = "<group>"; };
		7FAEDAF22DF535FB00011D8C /* Preview Assets.xcassets */ = {isa = PBXFileReference; lastKnownFileType = folder.assetcatalog; path = "Preview Assets.xcassets"; sourceTree = "<group>"; };
		7FAEDAF42DF535FB00011D8C /* TimeFormatter.swift */ = {isa = PBXFileReference; lastKnownFileType = sourcecode.swift; path = TimeFormatter.swift; sourceTree = "<group>"; };
		7FAEDAF62DF535FB00011D8C /* HomeListView.swift */ = {isa = PBXFileReference; lastKnownFileType = sourcecode.swift; path = HomeListView.swift; sourceTree = "<group>"; };
		7FAEDAF72DF535FB00011D8C /* HomeListViewModel.swift */ = {isa = PBXFileReference; lastKnownFileType = sourcecode.swift; path = HomeListViewModel.swift; sourceTree = "<group>"; };
		7FAEDAF82DF535FB00011D8C /* VideoPlayerWrapperView.swift */ = {isa = PBXFileReference; lastKnownFileType = sourcecode.swift; path = VideoPlayerWrapperView.swift; sourceTree = "<group>"; };
		7FAEDAFA2DF535FB00011D8C /* CameraRecorderOverlayView.swift */ = {isa = PBXFileReference; lastKnownFileType = sourcecode.swift; path = CameraRecorderOverlayView.swift; sourceTree = "<group>"; };
		7FAEDAFB2DF535FB00011D8C /* CameraRecorderViewController.swift */ = {isa = PBXFileReference; lastKnownFileType = sourcecode.swift; path = CameraRecorderViewController.swift; sourceTree = "<group>"; };
		7FAEDAFC2DF535FB00011D8C /* RecordVideoButtonView.swift */ = {isa = PBXFileReference; lastKnownFileType = sourcecode.swift; path = RecordVideoButtonView.swift; sourceTree = "<group>"; };
		7FAEDAFE2DF535FB00011D8C /* CreateStitchView.swift */ = {isa = PBXFileReference; lastKnownFileType = sourcecode.swift; path = CreateStitchView.swift; sourceTree = "<group>"; };
		7FAEDAFF2DF535FB00011D8C /* CreateStitchViewModel.swift */ = {isa = PBXFileReference; lastKnownFileType = sourcecode.swift; path = CreateStitchViewModel.swift; sourceTree = "<group>"; };
		7FAEDB012DF535FB00011D8C /* NewVideoPromptView.swift */ = {isa = PBXFileReference; lastKnownFileType = sourcecode.swift; path = NewVideoPromptView.swift; sourceTree = "<group>"; };
		7FAEDB022DF535FB00011D8C /* NewVideoPromptViewModel.swift */ = {isa = PBXFileReference; lastKnownFileType = sourcecode.swift; path = NewVideoPromptViewModel.swift; sourceTree = "<group>"; };
		7FAEDB032DF535FB00011D8C /* VideoPickerView.swift */ = {isa = PBXFileReference; lastKnownFileType = sourcecode.swift; path = VideoPickerView.swift; sourceTree = "<group>"; };
		7FAEDB042DF535FB00011D8C /* VideoRecorderView.swift */ = {isa = PBXFileReference; lastKnownFileType = sourcecode.swift; path = VideoRecorderView.swift; sourceTree = "<group>"; };
		7FAEDB062DF535FB00011D8C /* DiscardButtonView.swift */ = {isa = PBXFileReference; lastKnownFileType = sourcecode.swift; path = DiscardButtonView.swift; sourceTree = "<group>"; };
		7FAEDB072DF535FB00011D8C /* PillButtonView.swift */ = {isa = PBXFileReference; lastKnownFileType = sourcecode.swift; path = PillButtonView.swift; sourceTree = "<group>"; };
		7FAEDB082DF535FB00011D8C /* SaveButtonView.swift */ = {isa = PBXFileReference; lastKnownFileType = sourcecode.swift; path = SaveButtonView.swift; sourceTree = "<group>"; };
		7FAEDB092DF535FB00011D8C /* TapToRecordView.swift */ = {isa = PBXFileReference; lastKnownFileType = sourcecode.swift; path = TapToRecordView.swift; sourceTree = "<group>"; };
		7FAEDB0B2DF535FB00011D8C /* ShareSheet.swift */ = {isa = PBXFileReference; lastKnownFileType = sourcecode.swift; path = ShareSheet.swift; sourceTree = "<group>"; };
		7FAEDB0E2DF535FB00011D8C /* _SecJournalApp.swift */ = {isa = PBXFileReference; lastKnownFileType = sourcecode.swift; path = _SecJournalApp.swift; sourceTree = "<group>"; };
		7FAEDB0F2DF535FB00011D8C /* 1SecJournal.entitlements */ = {isa = PBXFileReference; lastKnownFileType = text.plist.entitlements; path = 1SecJournal.entitlements; sourceTree = "<group>"; };
		7FAEDB102DF535FB00011D8C /* Assets.xcassets */ = {isa = PBXFileReference; lastKnownFileType = folder.assetcatalog; path = Assets.xcassets; sourceTree = "<group>"; };
		7FAEDB112DF535FB00011D8C /* ContentView.swift */ = {isa = PBXFileReference; lastKnownFileType = sourcecode.swift; path = ContentView.swift; sourceTree = "<group>"; };
		7FB668542D879FF800BD72D9 /* 1SecJournal.app */ = {isa = PBXFileReference; explicitFileType = wrapper.application; includeInIndex = 0; path = 1SecJournal.app; sourceTree = BUILT_PRODUCTS_DIR; };
/* End PBXFileReference section */

/* Begin PBXFrameworksBuildPhase section */
		7FB668512D879FF800BD72D9 /* Frameworks */ = {
			isa = PBXFrameworksBuildPhase;
			buildActionMask = 2147483647;
			files = (
			);
			runOnlyForDeploymentPostprocessing = 0;
		};
/* End PBXFrameworksBuildPhase section */

/* Begin PBXGroup section */
		7FAEDAF12DF535FB00011D8C /* Model */ = {
			isa = PBXGroup;
			children = (
				7FAEDAF02DF535FB00011D8C /* VideoEntry.swift */,
			);
			path = Model;
			sourceTree = "<group>";
		};
		7FAEDAF32DF535FB00011D8C /* Preview Content */ = {
			isa = PBXGroup;
			children = (
				7FAEDAF22DF535FB00011D8C /* Preview Assets.xcassets */,
			);
			path = "Preview Content";
			sourceTree = "<group>";
		};
		7FAEDAF52DF535FB00011D8C /* Utilities */ = {
			isa = PBXGroup;
			children = (
				7FAEDAF42DF535FB00011D8C /* TimeFormatter.swift */,
			);
			path = Utilities;
			sourceTree = "<group>";
		};
		7FAEDAF92DF535FB00011D8C /* HomeListView */ = {
			isa = PBXGroup;
			children = (
				7FAEDAF72DF535FB00011D8C /* HomeListViewModel.swift */,
				7FAEDAF62DF535FB00011D8C /* HomeListView.swift */,
				7FAEDAF82DF535FB00011D8C /* VideoPlayerWrapperView.swift */,
			);
			path = HomeListView;
			sourceTree = "<group>";
		};
		7FAEDAFD2DF535FB00011D8C /* CameraRecorderView */ = {
			isa = PBXGroup;
			children = (
				7FAEDAFB2DF535FB00011D8C /* CameraRecorderViewController.swift */,
				7FAEDAFA2DF535FB00011D8C /* CameraRecorderOverlayView.swift */,
				7FAEDAFC2DF535FB00011D8C /* RecordVideoButtonView.swift */,
			);
			path = CameraRecorderView;
			sourceTree = "<group>";
		};
		7FAEDB002DF535FB00011D8C /* CreateStitchView */ = {
			isa = PBXGroup;
			children = (
				7FAEDAFF2DF535FB00011D8C /* CreateStitchViewModel.swift */,
				7FAEDAFE2DF535FB00011D8C /* CreateStitchView.swift */,
			);
			path = CreateStitchView;
			sourceTree = "<group>";
		};
		7FAEDB052DF535FB00011D8C /* NewVideoPrompt */ = {
			isa = PBXGroup;
			children = (
				7FAEDAFD2DF535FB00011D8C /* CameraRecorderView */,
				7FAEDB002DF535FB00011D8C /* CreateStitchView */,
				7FAEDB022DF535FB00011D8C /* NewVideoPromptViewModel.swift */,
				7FAEDB012DF535FB00011D8C /* NewVideoPromptView.swift */,
				7FAEDB032DF535FB00011D8C /* VideoPickerView.swift */,
				7FAEDB042DF535FB00011D8C /* VideoRecorderView.swift */,
			);
			path = NewVideoPrompt;
			sourceTree = "<group>";
		};
		7FAEDB0A2DF535FB00011D8C /* SharedViews */ = {
			isa = PBXGroup;
			children = (
				7FAEDB062DF535FB00011D8C /* DiscardButtonView.swift */,
				7FAEDB072DF535FB00011D8C /* PillButtonView.swift */,
				7FAEDB082DF535FB00011D8C /* SaveButtonView.swift */,
				7FAEDB092DF535FB00011D8C /* TapToRecordView.swift */,
			);
			path = SharedViews;
			sourceTree = "<group>";
		};
		7FAEDB0C2DF535FB00011D8C /* ShareSheet */ = {
			isa = PBXGroup;
			children = (
				7FAEDB0B2DF535FB00011D8C /* ShareSheet.swift */,
			);
			path = ShareSheet;
			sourceTree = "<group>";
		};
		7FAEDB0D2DF535FB00011D8C /* View */ = {
			isa = PBXGroup;
			children = (
				7FAEDAF92DF535FB00011D8C /* HomeListView */,
				7FAEDB052DF535FB00011D8C /* NewVideoPrompt */,
				7FAEDB0A2DF535FB00011D8C /* SharedViews */,
				7FAEDB0C2DF535FB00011D8C /* ShareSheet */,
			);
			path = View;
			sourceTree = "<group>";
		};
		7FAEDB122DF535FB00011D8C /* 1SecJournal */ = {
			isa = PBXGroup;
			children = (
				7FAEDAF12DF535FB00011D8C /* Model */,
				7FAEDAF32DF535FB00011D8C /* Preview Content */,
				7FAEDAF52DF535FB00011D8C /* Utilities */,
				7FAEDB0D2DF535FB00011D8C /* View */,
				7FAEDB0E2DF535FB00011D8C /* _SecJournalApp.swift */,
				7FAEDB0F2DF535FB00011D8C /* 1SecJournal.entitlements */,
				7FAEDB102DF535FB00011D8C /* Assets.xcassets */,
				7FAEDB112DF535FB00011D8C /* ContentView.swift */,
			);
			path = 1SecJournal;
			sourceTree = "<group>";
		};
		7FB6684B2D879FF800BD72D9 = {
			isa = PBXGroup;
			children = (
				7FAEDB122DF535FB00011D8C /* 1SecJournal */,
				7FB668552D879FF800BD72D9 /* Products */,
			);
			sourceTree = "<group>";
		};
		7FB668552D879FF800BD72D9 /* Products */ = {
			isa = PBXGroup;
			children = (
				7FB668542D879FF800BD72D9 /* 1SecJournal.app */,
			);
			name = Products;
			sourceTree = "<group>";
		};
/* End PBXGroup section */

/* Begin PBXNativeTarget section */
		7FB668532D879FF800BD72D9 /* 1SecJournal */ = {
			isa = PBXNativeTarget;
			buildConfigurationList = 7FB668622D879FF900BD72D9 /* Build configuration list for PBXNativeTarget "1SecJournal" */;
			buildPhases = (
				7FB668502D879FF800BD72D9 /* Sources */,
				7FB668512D879FF800BD72D9 /* Frameworks */,
				7FB668522D879FF800BD72D9 /* Resources */,
			);
			buildRules = (
			);
			dependencies = (
			);
			name = 1SecJournal;
			packageProductDependencies = (
			);
			productName = 1SecJournal;
			productReference = 7FB668542D879FF800BD72D9 /* 1SecJournal.app */;
			productType = "com.apple.product-type.application";
		};
/* End PBXNativeTarget section */

/* Begin PBXProject section */
		7FB6684C2D879FF800BD72D9 /* Project object */ = {
			isa = PBXProject;
			attributes = {
				BuildIndependentTargetsInParallel = 1;
				LastSwiftUpdateCheck = 1620;
				LastUpgradeCheck = 1630;
				TargetAttributes = {
					7FB668532D879FF800BD72D9 = {
						CreatedOnToolsVersion = 16.2;
					};
				};
			};
			buildConfigurationList = 7FB6684F2D879FF800BD72D9 /* Build configuration list for PBXProject "1SecJournal" */;
			developmentRegion = en;
			hasScannedForEncodings = 0;
			knownRegions = (
				en,
				Base,
			);
			mainGroup = 7FB6684B2D879FF800BD72D9;
			minimizedProjectReferenceProxies = 1;
			preferredProjectObjectVersion = 77;
			productRefGroup = 7FB668552D879FF800BD72D9 /* Products */;
			projectDirPath = "";
			projectRoot = "";
			targets = (
				7FB668532D879FF800BD72D9 /* 1SecJournal */,
			);
		};
/* End PBXProject section */

/* Begin PBXResourcesBuildPhase section */
		7FB668522D879FF800BD72D9 /* Resources */ = {
			isa = PBXResourcesBuildPhase;
			buildActionMask = 2147483647;
			files = (
				7FAEDB132DF535FB00011D8C /* Preview Assets.xcassets in Resources */,
				7FAEDB142DF535FB00011D8C /* Assets.xcassets in Resources */,
			);
			runOnlyForDeploymentPostprocessing = 0;
		};
/* End PBXResourcesBuildPhase section */

/* Begin PBXSourcesBuildPhase section */
		7FB668502D879FF800BD72D9 /* Sources */ = {
			isa = PBXSourcesBuildPhase;
			buildActionMask = 2147483647;
			files = (
				7FAEDB152DF535FB00011D8C /* VideoEntry.swift in Sources */,
				7FAEDB162DF535FB00011D8C /* TimeFormatter.swift in Sources */,
				7FAEDB172DF535FB00011D8C /* HomeListView.swift in Sources */,
				7FAEDB182DF535FB00011D8C /* HomeListViewModel.swift in Sources */,
				7FAEDB192DF535FB00011D8C /* VideoPlayerWrapperView.swift in Sources */,
				7FAEDB1A2DF535FB00011D8C /* CameraRecorderOverlayView.swift in Sources */,
				7FAEDB1B2DF535FB00011D8C /* CameraRecorderViewController.swift in Sources */,
				7FAEDB1C2DF535FB00011D8C /* RecordVideoButtonView.swift in Sources */,
				7FAEDB1D2DF535FB00011D8C /* CreateStitchView.swift in Sources */,
				7FAEDB1E2DF535FB00011D8C /* CreateStitchViewModel.swift in Sources */,
				7FAEDB1F2DF535FB00011D8C /* NewVideoPromptView.swift in Sources */,
				7FAEDB202DF535FB00011D8C /* NewVideoPromptViewModel.swift in Sources */,
				7FAEDB212DF535FB00011D8C /* VideoPickerView.swift in Sources */,
				7FAEDB222DF535FB00011D8C /* VideoRecorderView.swift in Sources */,
				7FAEDB232DF535FB00011D8C /* DiscardButtonView.swift in Sources */,
				7FAEDB242DF535FB00011D8C /* PillButtonView.swift in Sources */,
				7FAEDB252DF535FB00011D8C /* SaveButtonView.swift in Sources */,
				7FAEDB262DF535FB00011D8C /* TapToRecordView.swift in Sources */,
				7FAEDB272DF535FB00011D8C /* ShareSheet.swift in Sources */,
				7FAEDB282DF535FB00011D8C /* _SecJournalApp.swift in Sources */,
				7FAEDB292DF535FB00011D8C /* ContentView.swift in Sources */,
			);
			runOnlyForDeploymentPostprocessing = 0;
		};
/* End PBXSourcesBuildPhase section */

/* Begin XCBuildConfiguration section */
		7FB668602D879FF900BD72D9 /* Debug */ = {
			isa = XCBuildConfiguration;
			buildSettings = {
				ALWAYS_SEARCH_USER_PATHS = NO;
				ASSETCATALOG_COMPILER_GENERATE_SWIFT_ASSET_SYMBOL_EXTENSIONS = YES;
				CLANG_ANALYZER_NONNULL = YES;
				CLANG_ANALYZER_NUMBER_OBJECT_CONVERSION = YES_AGGRESSIVE;
				CLANG_CXX_LANGUAGE_STANDARD = "gnu++20";
				CLANG_ENABLE_MODULES = YES;
				CLANG_ENABLE_OBJC_ARC = YES;
				CLANG_ENABLE_OBJC_WEAK = YES;
				CLANG_WARN_BLOCK_CAPTURE_AUTORELEASING = YES;
				CLANG_WARN_BOOL_CONVERSION = YES;
				CLANG_WARN_COMMA = YES;
				CLANG_WARN_CONSTANT_CONVERSION = YES;
				CLANG_WARN_DEPRECATED_OBJC_IMPLEMENTATIONS = YES;
				CLANG_WARN_DIRECT_OBJC_ISA_USAGE = YES_ERROR;
				CLANG_WARN_DOCUMENTATION_COMMENTS = YES;
				CLANG_WARN_EMPTY_BODY = YES;
				CLANG_WARN_ENUM_CONVERSION = YES;
				CLANG_WARN_INFINITE_RECURSION = YES;
				CLANG_WARN_INT_CONVERSION = YES;
				CLANG_WARN_NON_LITERAL_NULL_CONVERSION = YES;
				CLANG_WARN_OBJC_IMPLICIT_RETAIN_SELF = YES;
				CLANG_WARN_OBJC_LITERAL_CONVERSION = YES;
				CLANG_WARN_OBJC_ROOT_CLASS = YES_ERROR;
				CLANG_WARN_QUOTED_INCLUDE_IN_FRAMEWORK_HEADER = YES;
				CLANG_WARN_RANGE_LOOP_ANALYSIS = YES;
				CLANG_WARN_STRICT_PROTOTYPES = YES;
				CLANG_WARN_SUSPICIOUS_MOVE = YES;
				CLANG_WARN_UNGUARDED_AVAILABILITY = YES_AGGRESSIVE;
				CLANG_WARN_UNREACHABLE_CODE = YES;
				CLANG_WARN__DUPLICATE_METHOD_MATCH = YES;
				COPY_PHASE_STRIP = NO;
				DEBUG_INFORMATION_FORMAT = dwarf;
				DEVELOPMENT_TEAM = T24L76PMG9;
				ENABLE_STRICT_OBJC_MSGSEND = YES;
				ENABLE_TESTABILITY = YES;
				ENABLE_USER_SCRIPT_SANDBOXING = YES;
				GCC_C_LANGUAGE_STANDARD = gnu17;
				GCC_DYNAMIC_NO_PIC = NO;
				GCC_NO_COMMON_BLOCKS = YES;
				GCC_OPTIMIZATION_LEVEL = 0;
				GCC_PREPROCESSOR_DEFINITIONS = (
					"DEBUG=1",
					"$(inherited)",
				);
				GCC_WARN_64_TO_32_BIT_CONVERSION = YES;
				GCC_WARN_ABOUT_RETURN_TYPE = YES_ERROR;
				GCC_WARN_UNDECLARED_SELECTOR = YES;
				GCC_WARN_UNINITIALIZED_AUTOS = YES_AGGRESSIVE;
				GCC_WARN_UNUSED_FUNCTION = YES;
				GCC_WARN_UNUSED_VARIABLE = YES;
				IPHONEOS_DEPLOYMENT_TARGET = 18.2;
				LOCALIZATION_PREFERS_STRING_CATALOGS = YES;
				MTL_ENABLE_DEBUG_INFO = INCLUDE_SOURCE;
				MTL_FAST_MATH = YES;
				ONLY_ACTIVE_ARCH = YES;
				SDKROOT = iphoneos;
				SWIFT_ACTIVE_COMPILATION_CONDITIONS = "DEBUG $(inherited)";
				SWIFT_OPTIMIZATION_LEVEL = "-Onone";
			};
			name = Debug;
		};
		7FB668612D879FF900BD72D9 /* Release */ = {
			isa = XCBuildConfiguration;
			buildSettings = {
				ALWAYS_SEARCH_USER_PATHS = NO;
				ASSETCATALOG_COMPILER_GENERATE_SWIFT_ASSET_SYMBOL_EXTENSIONS = YES;
				CLANG_ANALYZER_NONNULL = YES;
				CLANG_ANALYZER_NUMBER_OBJECT_CONVERSION = YES_AGGRESSIVE;
				CLANG_CXX_LANGUAGE_STANDARD = "gnu++20";
				CLANG_ENABLE_MODULES = YES;
				CLANG_ENABLE_OBJC_ARC = YES;
				CLANG_ENABLE_OBJC_WEAK = YES;
				CLANG_WARN_BLOCK_CAPTURE_AUTORELEASING = YES;
				CLANG_WARN_BOOL_CONVERSION = YES;
				CLANG_WARN_COMMA = YES;
				CLANG_WARN_CONSTANT_CONVERSION = YES;
				CLANG_WARN_DEPRECATED_OBJC_IMPLEMENTATIONS = YES;
				CLANG_WARN_DIRECT_OBJC_ISA_USAGE = YES_ERROR;
				CLANG_WARN_DOCUMENTATION_COMMENTS = YES;
				CLANG_WARN_EMPTY_BODY = YES;
				CLANG_WARN_ENUM_CONVERSION = YES;
				CLANG_WARN_INFINITE_RECURSION = YES;
				CLANG_WARN_INT_CONVERSION = YES;
				CLANG_WARN_NON_LITERAL_NULL_CONVERSION = YES;
				CLANG_WARN_OBJC_IMPLICIT_RETAIN_SELF = YES;
				CLANG_WARN_OBJC_LITERAL_CONVERSION = YES;
				CLANG_WARN_OBJC_ROOT_CLASS = YES_ERROR;
				CLANG_WARN_QUOTED_INCLUDE_IN_FRAMEWORK_HEADER = YES;
				CLANG_WARN_RANGE_LOOP_ANALYSIS = YES;
				CLANG_WARN_STRICT_PROTOTYPES = YES;
				CLANG_WARN_SUSPICIOUS_MOVE = YES;
				CLANG_WARN_UNGUARDED_AVAILABILITY = YES_AGGRESSIVE;
				CLANG_WARN_UNREACHABLE_CODE = YES;
				CLANG_WARN__DUPLICATE_METHOD_MATCH = YES;
				COPY_PHASE_STRIP = NO;
				DEBUG_INFORMATION_FORMAT = "dwarf-with-dsym";
				DEVELOPMENT_TEAM = T24L76PMG9;
				ENABLE_NS_ASSERTIONS = NO;
				ENABLE_STRICT_OBJC_MSGSEND = YES;
				ENABLE_USER_SCRIPT_SANDBOXING = YES;
				GCC_C_LANGUAGE_STANDARD = gnu17;
				GCC_NO_COMMON_BLOCKS = YES;
				GCC_WARN_64_TO_32_BIT_CONVERSION = YES;
				GCC_WARN_ABOUT_RETURN_TYPE = YES_ERROR;
				GCC_WARN_UNDECLARED_SELECTOR = YES;
				GCC_WARN_UNINITIALIZED_AUTOS = YES_AGGRESSIVE;
				GCC_WARN_UNUSED_FUNCTION = YES;
				GCC_WARN_UNUSED_VARIABLE = YES;
				IPHONEOS_DEPLOYMENT_TARGET = 18.2;
				LOCALIZATION_PREFERS_STRING_CATALOGS = YES;
				MTL_ENABLE_DEBUG_INFO = NO;
				MTL_FAST_MATH = YES;
				SDKROOT = iphoneos;
				SWIFT_COMPILATION_MODE = wholemodule;
				VALIDATE_PRODUCT = YES;
			};
			name = Release;
		};
		7FB668632D879FF900BD72D9 /* Debug */ = {
			isa = XCBuildConfiguration;
			buildSettings = {
				ASSETCATALOG_COMPILER_APPICON_NAME = AppIcon;
				ASSETCATALOG_COMPILER_GLOBAL_ACCENT_COLOR_NAME = AccentColor;
				CODE_SIGN_ENTITLEMENTS = 1SecJournal/1SecJournal.entitlements;
				CODE_SIGN_STYLE = Automatic;
				CURRENT_PROJECT_VERSION = 1;
				DEVELOPMENT_ASSET_PATHS = "\"1SecJournal/Preview Content\"";
				ENABLE_PREVIEWS = YES;
				GENERATE_INFOPLIST_FILE = YES;
				INFOPLIST_KEY_NSCameraUsageDescription = "This app needs access to your camera to record and save 1-second videos.";
				INFOPLIST_KEY_NSMicrophoneUsageDescription = "This app needs access to your microphone to record and save 1-second videos.";
				INFOPLIST_KEY_UIApplicationSceneManifest_Generation = YES;
				INFOPLIST_KEY_UIApplicationSupportsIndirectInputEvents = YES;
				INFOPLIST_KEY_UILaunchScreen_Generation = YES;
				INFOPLIST_KEY_UISupportedInterfaceOrientations_iPhone = UIInterfaceOrientationPortrait;
				LD_RUNPATH_SEARCH_PATHS = (
					"$(inherited)",
					"@executable_path/Frameworks",
				);
				MARKETING_VERSION = 1.0;
				PRODUCT_BUNDLE_IDENTIFIER = "com.comedichoney.-SecJournal";
				PRODUCT_NAME = "$(TARGET_NAME)";
				SUPPORTED_PLATFORMS = "iphoneos iphonesimulator";
				SUPPORTS_MACCATALYST = NO;
				SWIFT_EMIT_LOC_STRINGS = YES;
				SWIFT_VERSION = 5.0;
				TARGETED_DEVICE_FAMILY = 1;
			};
			name = Debug;
		};
		7FB668642D879FF900BD72D9 /* Release */ = {
			isa = XCBuildConfiguration;
			buildSettings = {
				ASSETCATALOG_COMPILER_APPICON_NAME = AppIcon;
				ASSETCATALOG_COMPILER_GLOBAL_ACCENT_COLOR_NAME = AccentColor;
				CODE_SIGN_ENTITLEMENTS = 1SecJournal/1SecJournal.entitlements;
				CODE_SIGN_STYLE = Automatic;
				CURRENT_PROJECT_VERSION = 1;
				DEVELOPMENT_ASSET_PATHS = "\"1SecJournal/Preview Content\"";
				ENABLE_PREVIEWS = YES;
				GENERATE_INFOPLIST_FILE = YES;
				INFOPLIST_KEY_NSCameraUsageDescription = "This app needs access to your camera to record and save 1-second videos.";
				INFOPLIST_KEY_NSMicrophoneUsageDescription = "This app needs access to your microphone to record and save 1-second videos.";
				INFOPLIST_KEY_UIApplicationSceneManifest_Generation = YES;
				INFOPLIST_KEY_UIApplicationSupportsIndirectInputEvents = YES;
				INFOPLIST_KEY_UILaunchScreen_Generation = YES;
				INFOPLIST_KEY_UISupportedInterfaceOrientations_iPhone = UIInterfaceOrientationPortrait;
				LD_RUNPATH_SEARCH_PATHS = (
					"$(inherited)",
					"@executable_path/Frameworks",
				);
				MARKETING_VERSION = 1.0;
				PRODUCT_BUNDLE_IDENTIFIER = "com.comedichoney.-SecJournal";
				PRODUCT_NAME = "$(TARGET_NAME)";
				SUPPORTED_PLATFORMS = "iphoneos iphonesimulator";
				SUPPORTS_MACCATALYST = NO;
				SWIFT_EMIT_LOC_STRINGS = YES;
				SWIFT_VERSION = 5.0;
				TARGETED_DEVICE_FAMILY = 1;
			};
			name = Release;
		};
/* End XCBuildConfiguration section */

/* Begin XCConfigurationList section */
		7FB6684F2D879FF800BD72D9 /* Build configuration list for PBXProject "1SecJournal" */ = {
			isa = XCConfigurationList;
			buildConfigurations = (
				7FB668602D879FF900BD72D9 /* Debug */,
				7FB668612D879FF900BD72D9 /* Release */,
			);
			defaultConfigurationIsVisible = 0;
			defaultConfigurationName = Release;
		};
		7FB668622D879FF900BD72D9 /* Build configuration list for PBXNativeTarget "1SecJournal" */ = {
			isa = XCConfigurationList;
			buildConfigurations = (
				7FB668632D879FF900BD72D9 /* Debug */,
				7FB668642D879FF900BD72D9 /* Release */,
			);
			defaultConfigurationIsVisible = 0;
			defaultConfigurationName = Release;
		};
/* End XCConfigurationList section */
	};
	rootObject = 7FB6684C2D879FF800BD72D9 /* Project object */;
}
